
Microsoft Visual Studio Solution File, Format Version 12.00
# Visual Studio Version 17
VisualStudioVersion = 17.9.34622.214
MinimumVisualStudioVersion = 10.0.40219.1
Project("{9A19103F-16F7-4668-BE54-9A1E7A4F7556}") = "DataSource", "DataSource\DataSource.csproj", "{AE38E76A-E8D8-4EDB-83DA-51A63FE9B895}"
EndProject
Project("{2150E333-8FDC-42A3-9474-1A3956D46DE8}") = "docker", "docker", "{7F7FB566-F097-4E2B-B396-8C72B9D009F6}"
	ProjectSection(SolutionItems) = preProject
		docker-compose.yml = docker-compose.yml
	EndProjectSection
EndProject
Project("{2150E333-8FDC-42A3-9474-1A3956D46DE8}") = "Solution Items", "Solution Items", "{411CBF59-FE0D-4A42-923D-FD984173939F}"
	ProjectSection(SolutionItems) = preProject
		README.md = README.md
	EndProjectSection
EndProject
Global
	GlobalSection(SolutionConfigurationPlatforms) = preSolution
		Debug|Any CPU = Debug|Any CPU
		Release|Any CPU = Release|Any CPU
	EndGlobalSection
	GlobalSection(ProjectConfigurationPlatforms) = postSolution
		{AE38E76A-E8D8-4EDB-83DA-51A63FE9B895}.Debug|Any CPU.ActiveCfg = Debug|Any CPU
		{AE38E76A-E8D8-4EDB-83DA-51A63FE9B895}.Debug|Any CPU.Build.0 = Debug|Any CPU
		{AE38E76A-E8D8-4EDB-83DA-51A63FE9B895}.Release|Any CPU.ActiveCfg = Release|Any CPU
		{AE38E76A-E8D8-4EDB-83DA-51A63FE9B895}.Release|Any CPU.Build.0 = Release|Any CPU
	EndGlobalSection
	GlobalSection(SolutionProperties) = preSolution
		HideSolutionNode = FALSE
	EndGlobalSection
	GlobalSection(ExtensibilityGlobals) = postSolution
		SolutionGuid = {CCF82CD6-9079-445A-8BDD-D4131B300EC5}
	EndGlobalSection
EndGlobal
